// !$*UTF8*$!
{
	archiveVersion = 1;
	classes = {
	};
	objectVersion = 54;
	objects = {

/* Begin PBXBuildFile section */
		9D0CBD0A294B80A800AFBBDE /* ImageFetcher.swift in Sources */ = {isa = PBXBuildFile; fileRef = 9D0CBD09294B80A800AFBBDE /* ImageFetcher.swift */; };
		9D0CBD1B2950850800AFBBDE /* Coordinator.swift in Sources */ = {isa = PBXBuildFile; fileRef = 9D0CBD1A2950850800AFBBDE /* Coordinator.swift */; };
		9D0CBD1D29508A1700AFBBDE /* MainCoordinator.swift in Sources */ = {isa = PBXBuildFile; fileRef = 9D0CBD1C29508A1700AFBBDE /* MainCoordinator.swift */; };
		9D6C377F29493D8400F185B6 /* CharacterInfos.swift in Sources */ = {isa = PBXBuildFile; fileRef = 9D6C377E29493D8400F185B6 /* CharacterInfos.swift */; };
		9D6C378129493E2500F185B6 /* APIService.swift in Sources */ = {isa = PBXBuildFile; fileRef = 9D6C378029493E2500F185B6 /* APIService.swift */; };
		9D6C378429493FDF00F185B6 /* HomeViewModel.swift in Sources */ = {isa = PBXBuildFile; fileRef = 9D6C378329493FDF00F185B6 /* HomeViewModel.swift */; };
		9D6C378B2949579E00F185B6 /* Info.swift in Sources */ = {isa = PBXBuildFile; fileRef = 9D6C378A2949579E00F185B6 /* Info.swift */; };
		9D6C378D2949588F00F185B6 /* CharacterInPage.swift in Sources */ = {isa = PBXBuildFile; fileRef = 9D6C378C2949588F00F185B6 /* CharacterInPage.swift */; };
		9DA6831E2947FBB2001E5B69 /* HomeView.swift in Sources */ = {isa = PBXBuildFile; fileRef = 9DA6831D2947FBB2001E5B69 /* HomeView.swift */; };
		9DA68345294890FB001E5B69 /* CharacterCell.swift in Sources */ = {isa = PBXBuildFile; fileRef = 9DA68344294890FB001E5B69 /* CharacterCell.swift */; };
		C1D0693C2767DA8B00883CE8 /* AppDelegate.swift in Sources */ = {isa = PBXBuildFile; fileRef = C1D0693B2767DA8B00883CE8 /* AppDelegate.swift */; };
		C1D0693E2767DA8B00883CE8 /* SceneDelegate.swift in Sources */ = {isa = PBXBuildFile; fileRef = C1D0693D2767DA8B00883CE8 /* SceneDelegate.swift */; };
		C1D069452767DA8C00883CE8 /* Assets.xcassets in Resources */ = {isa = PBXBuildFile; fileRef = C1D069442767DA8C00883CE8 /* Assets.xcassets */; };
		C1D069482767DA8C00883CE8 /* LaunchScreen.storyboard in Resources */ = {isa = PBXBuildFile; fileRef = C1D069462767DA8C00883CE8 /* LaunchScreen.storyboard */; };
		C1D069552767DE6800883CE8 /* HomeViewController.swift in Sources */ = {isa = PBXBuildFile; fileRef = C1D069542767DE6800883CE8 /* HomeViewController.swift */; };
/* End PBXBuildFile section */

/* Begin PBXFileReference section */
		9D0CBD09294B80A800AFBBDE /* ImageFetcher.swift */ = {isa = PBXFileReference; lastKnownFileType = sourcecode.swift; path = ImageFetcher.swift; sourceTree = "<group>"; };
		9D0CBD1A2950850800AFBBDE /* Coordinator.swift */ = {isa = PBXFileReference; lastKnownFileType = sourcecode.swift; path = Coordinator.swift; sourceTree = "<group>"; };
		9D0CBD1C29508A1700AFBBDE /* MainCoordinator.swift */ = {isa = PBXFileReference; lastKnownFileType = sourcecode.swift; path = MainCoordinator.swift; sourceTree = "<group>"; };
		9D6C377E29493D8400F185B6 /* CharacterInfos.swift */ = {isa = PBXFileReference; lastKnownFileType = sourcecode.swift; path = CharacterInfos.swift; sourceTree = "<group>"; };
		9D6C378029493E2500F185B6 /* APIService.swift */ = {isa = PBXFileReference; lastKnownFileType = sourcecode.swift; path = APIService.swift; sourceTree = "<group>"; };
		9D6C378329493FDF00F185B6 /* HomeViewModel.swift */ = {isa = PBXFileReference; lastKnownFileType = sourcecode.swift; path = HomeViewModel.swift; sourceTree = "<group>"; };
		9D6C378A2949579E00F185B6 /* Info.swift */ = {isa = PBXFileReference; lastKnownFileType = sourcecode.swift; path = Info.swift; sourceTree = "<group>"; };
		9D6C378C2949588F00F185B6 /* CharacterInPage.swift */ = {isa = PBXFileReference; lastKnownFileType = sourcecode.swift; path = CharacterInPage.swift; sourceTree = "<group>"; };
		9DA6831D2947FBB2001E5B69 /* HomeView.swift */ = {isa = PBXFileReference; lastKnownFileType = sourcecode.swift; path = HomeView.swift; sourceTree = "<group>"; };
		9DA68344294890FB001E5B69 /* CharacterCell.swift */ = {isa = PBXFileReference; lastKnownFileType = sourcecode.swift; path = CharacterCell.swift; sourceTree = "<group>"; };
		C1D069382767DA8B00883CE8 /* StoneChallenge.app */ = {isa = PBXFileReference; explicitFileType = wrapper.application; includeInIndex = 0; path = StoneChallenge.app; sourceTree = BUILT_PRODUCTS_DIR; };
		C1D0693B2767DA8B00883CE8 /* AppDelegate.swift */ = {isa = PBXFileReference; lastKnownFileType = sourcecode.swift; path = AppDelegate.swift; sourceTree = "<group>"; };
		C1D0693D2767DA8B00883CE8 /* SceneDelegate.swift */ = {isa = PBXFileReference; lastKnownFileType = sourcecode.swift; path = SceneDelegate.swift; sourceTree = "<group>"; };
		C1D069442767DA8C00883CE8 /* Assets.xcassets */ = {isa = PBXFileReference; lastKnownFileType = folder.assetcatalog; path = Assets.xcassets; sourceTree = "<group>"; };
		C1D069472767DA8C00883CE8 /* Base */ = {isa = PBXFileReference; lastKnownFileType = file.storyboard; name = Base; path = Base.lproj/LaunchScreen.storyboard; sourceTree = "<group>"; };
		C1D069492767DA8C00883CE8 /* Info.plist */ = {isa = PBXFileReference; lastKnownFileType = text.plist.xml; path = Info.plist; sourceTree = "<group>"; };
		C1D069542767DE6800883CE8 /* HomeViewController.swift */ = {isa = PBXFileReference; lastKnownFileType = sourcecode.swift; path = HomeViewController.swift; sourceTree = "<group>"; };
/* End PBXFileReference section */

/* Begin PBXFrameworksBuildPhase section */
		C1D069352767DA8B00883CE8 /* Frameworks */ = {
			isa = PBXFrameworksBuildPhase;
			buildActionMask = 2147483647;
			files = (
			);
			runOnlyForDeploymentPostprocessing = 0;
		};
/* End PBXFrameworksBuildPhase section */

/* Begin PBXGroup section */
		4E66C5272A4BB23C00B4F819 /* Scenes */ = {
			isa = PBXGroup;
			children = (
				C1D069532767DE4E00883CE8 /* Home */,
				9D0CBD19295084EB00AFBBDE /* Coordinator */,
			);
			path = Scenes;
			sourceTree = "<group>";
		};
		9D0CBD19295084EB00AFBBDE /* Coordinator */ = {
			isa = PBXGroup;
			children = (
				9D0CBD1A2950850800AFBBDE /* Coordinator.swift */,
				9D9CC1CE2953385900DAD59F /* MainCoordinator */,
			);
			path = Coordinator;
			sourceTree = "<group>";
		};
		9D6C377829493C0A00F185B6 /* API */ = {
			isa = PBXGroup;
			children = (
				9D6C378029493E2500F185B6 /* APIService.swift */,
			);
			path = API;
			sourceTree = "<group>";
		};
		9D6C377D29493D7900F185B6 /* Models */ = {
			isa = PBXGroup;
			children = (
				9D6C377E29493D8400F185B6 /* CharacterInfos.swift */,
				9D6C378A2949579E00F185B6 /* Info.swift */,
				9D6C378C2949588F00F185B6 /* CharacterInPage.swift */,
			);
			path = Models;
			sourceTree = "<group>";
		};
		9D9CC1CA2953373B00DAD59F /* Utils */ = {
			isa = PBXGroup;
			children = (
				9D0CBD09294B80A800AFBBDE /* ImageFetcher.swift */,
				9DA68344294890FB001E5B69 /* CharacterCell.swift */,
			);
			path = Utils;
			sourceTree = "<group>";
		};
		9D9CC1CE2953385900DAD59F /* MainCoordinator */ = {
			isa = PBXGroup;
			children = (
				9D0CBD1C29508A1700AFBBDE /* MainCoordinator.swift */,
			);
			path = MainCoordinator;
			sourceTree = "<group>";
		};
		C1D0692F2767DA8B00883CE8 = {
			isa = PBXGroup;
			children = (
				C1D0693A2767DA8B00883CE8 /* StoneChallenge */,
				C1D069392767DA8B00883CE8 /* Products */,
			);
			sourceTree = "<group>";
		};
		C1D069392767DA8B00883CE8 /* Products */ = {
			isa = PBXGroup;
			children = (
				C1D069382767DA8B00883CE8 /* StoneChallenge.app */,
			);
			name = Products;
			sourceTree = "<group>";
		};
		C1D0693A2767DA8B00883CE8 /* StoneChallenge */ = {
			isa = PBXGroup;
			children = (
				C1D069512767DBCE00883CE8 /* Sources */,
				C1D069502767DBBD00883CE8 /* Resources */,
			);
			path = StoneChallenge;
			sourceTree = "<group>";
		};
		C1D0694F2767DBAE00883CE8 /* Application */ = {
			isa = PBXGroup;
			children = (
				C1D069492767DA8C00883CE8 /* Info.plist */,
				C1D0693B2767DA8B00883CE8 /* AppDelegate.swift */,
				C1D0693D2767DA8B00883CE8 /* SceneDelegate.swift */,
			);
			path = Application;
			sourceTree = "<group>";
		};
		C1D069502767DBBD00883CE8 /* Resources */ = {
			isa = PBXGroup;
			children = (
				C1D069462767DA8C00883CE8 /* LaunchScreen.storyboard */,
				C1D069442767DA8C00883CE8 /* Assets.xcassets */,
			);
			path = Resources;
			sourceTree = "<group>";
		};
		C1D069512767DBCE00883CE8 /* Sources */ = {
			isa = PBXGroup;
			children = (
				9D6C377D29493D7900F185B6 /* Models */,
				9D6C377829493C0A00F185B6 /* API */,
				4E66C5272A4BB23C00B4F819 /* Scenes */,
				C1D0694F2767DBAE00883CE8 /* Application */,
			);
			path = Sources;
			sourceTree = "<group>";
		};
		C1D069532767DE4E00883CE8 /* Home */ = {
			isa = PBXGroup;
			children = (
				9D9CC1CA2953373B00DAD59F /* Utils */,
				C1D069542767DE6800883CE8 /* HomeViewController.swift */,
				9D6C378329493FDF00F185B6 /* HomeViewModel.swift */,
				9DA6831D2947FBB2001E5B69 /* HomeView.swift */,
			);
			path = Home;
			sourceTree = "<group>";
		};
/* End PBXGroup section */

/* Begin PBXNativeTarget section */
		C1D069372767DA8B00883CE8 /* StoneChallenge */ = {
			isa = PBXNativeTarget;
			buildConfigurationList = C1D0694C2767DA8C00883CE8 /* Build configuration list for PBXNativeTarget "StoneChallenge" */;
			buildPhases = (
				C1D069342767DA8B00883CE8 /* Sources */,
				C1D069352767DA8B00883CE8 /* Frameworks */,
				C1D069362767DA8B00883CE8 /* Resources */,
			);
			buildRules = (
			);
			dependencies = (
			);
			name = StoneChallenge;
			productName = Bootcamp;
			productReference = C1D069382767DA8B00883CE8 /* StoneChallenge.app */;
			productType = "com.apple.product-type.application";
		};
/* End PBXNativeTarget section */

/* Begin PBXProject section */
		C1D069302767DA8B00883CE8 /* Project object */ = {
			isa = PBXProject;
			attributes = {
				LastSwiftUpdateCheck = 1410;
				LastUpgradeCheck = 1300;
				TargetAttributes = {
					C1D069372767DA8B00883CE8 = {
						CreatedOnToolsVersion = 13.0;
					};
				};
			};
			buildConfigurationList = C1D069332767DA8B00883CE8 /* Build configuration list for PBXProject "StoneChallenge" */;
			compatibilityVersion = "Xcode 12.0";
			developmentRegion = en;
			hasScannedForEncodings = 0;
			knownRegions = (
				en,
				Base,
			);
			mainGroup = C1D0692F2767DA8B00883CE8;
			productRefGroup = C1D069392767DA8B00883CE8 /* Products */;
			projectDirPath = "";
			projectRoot = "";
			targets = (
				C1D069372767DA8B00883CE8 /* StoneChallenge */,
			);
		};
/* End PBXProject section */

/* Begin PBXResourcesBuildPhase section */
		C1D069362767DA8B00883CE8 /* Resources */ = {
			isa = PBXResourcesBuildPhase;
			buildActionMask = 2147483647;
			files = (
				C1D069482767DA8C00883CE8 /* LaunchScreen.storyboard in Resources */,
				C1D069452767DA8C00883CE8 /* Assets.xcassets in Resources */,
			);
			runOnlyForDeploymentPostprocessing = 0;
		};
/* End PBXResourcesBuildPhase section */

/* Begin PBXSourcesBuildPhase section */
		C1D069342767DA8B00883CE8 /* Sources */ = {
			isa = PBXSourcesBuildPhase;
			buildActionMask = 2147483647;
			files = (
				9D6C378B2949579E00F185B6 /* Info.swift in Sources */,
				9D6C377F29493D8400F185B6 /* CharacterInfos.swift in Sources */,
				C1D0693C2767DA8B00883CE8 /* AppDelegate.swift in Sources */,
				9D6C378429493FDF00F185B6 /* HomeViewModel.swift in Sources */,
				9DA6831E2947FBB2001E5B69 /* HomeView.swift in Sources */,
				9D0CBD0A294B80A800AFBBDE /* ImageFetcher.swift in Sources */,
				9DA68345294890FB001E5B69 /* CharacterCell.swift in Sources */,
				C1D0693E2767DA8B00883CE8 /* SceneDelegate.swift in Sources */,
				9D6C378129493E2500F185B6 /* APIService.swift in Sources */,
				9D6C378D2949588F00F185B6 /* CharacterInPage.swift in Sources */,
				9D0CBD1B2950850800AFBBDE /* Coordinator.swift in Sources */,
				9D0CBD1D29508A1700AFBBDE /* MainCoordinator.swift in Sources */,
				C1D069552767DE6800883CE8 /* HomeViewController.swift in Sources */,
			);
			runOnlyForDeploymentPostprocessing = 0;
		};
/* End PBXSourcesBuildPhase section */

/* Begin PBXVariantGroup section */
		C1D069462767DA8C00883CE8 /* LaunchScreen.storyboard */ = {
			isa = PBXVariantGroup;
			children = (
				C1D069472767DA8C00883CE8 /* Base */,
			);
			name = LaunchScreen.storyboard;
			sourceTree = "<group>";
		};
/* End PBXVariantGroup section */

/* Begin XCBuildConfiguration section */
		C1D0694A2767DA8C00883CE8 /* Debug */ = {
			isa = XCBuildConfiguration;
			buildSettings = {
				ALWAYS_SEARCH_USER_PATHS = NO;
				CLANG_ANALYZER_NONNULL = YES;
				CLANG_ANALYZER_NUMBER_OBJECT_CONVERSION = YES_AGGRESSIVE;
				CLANG_CXX_LANGUAGE_STANDARD = "gnu++17";
				CLANG_CXX_LIBRARY = "libc++";
				CLANG_ENABLE_MODULES = YES;
				CLANG_ENABLE_OBJC_ARC = YES;
				CLANG_ENABLE_OBJC_WEAK = YES;
				CLANG_WARN_BLOCK_CAPTURE_AUTORELEASING = YES;
				CLANG_WARN_BOOL_CONVERSION = YES;
				CLANG_WARN_COMMA = YES;
				CLANG_WARN_CONSTANT_CONVERSION = YES;
				CLANG_WARN_DEPRECATED_OBJC_IMPLEMENTATIONS = YES;
				CLANG_WARN_DIRECT_OBJC_ISA_USAGE = YES_ERROR;
				CLANG_WARN_DOCUMENTATION_COMMENTS = YES;
				CLANG_WARN_EMPTY_BODY = YES;
				CLANG_WARN_ENUM_CONVERSION = YES;
				CLANG_WARN_INFINITE_RECURSION = YES;
				CLANG_WARN_INT_CONVERSION = YES;
				CLANG_WARN_NON_LITERAL_NULL_CONVERSION = YES;
				CLANG_WARN_OBJC_IMPLICIT_RETAIN_SELF = YES;
				CLANG_WARN_OBJC_LITERAL_CONVERSION = YES;
				CLANG_WARN_OBJC_ROOT_CLASS = YES_ERROR;
				CLANG_WARN_QUOTED_INCLUDE_IN_FRAMEWORK_HEADER = YES;
				CLANG_WARN_RANGE_LOOP_ANALYSIS = YES;
				CLANG_WARN_STRICT_PROTOTYPES = YES;
				CLANG_WARN_SUSPICIOUS_MOVE = YES;
				CLANG_WARN_UNGUARDED_AVAILABILITY = YES_AGGRESSIVE;
				CLANG_WARN_UNREACHABLE_CODE = YES;
				CLANG_WARN__DUPLICATE_METHOD_MATCH = YES;
				COPY_PHASE_STRIP = NO;
				DEBUG_INFORMATION_FORMAT = dwarf;
				ENABLE_STRICT_OBJC_MSGSEND = YES;
				ENABLE_TESTABILITY = YES;
				GCC_C_LANGUAGE_STANDARD = gnu11;
				GCC_DYNAMIC_NO_PIC = NO;
				GCC_NO_COMMON_BLOCKS = YES;
				GCC_OPTIMIZATION_LEVEL = 0;
				GCC_PREPROCESSOR_DEFINITIONS = (
					"DEBUG=1",
					"$(inherited)",
				);
				GCC_WARN_64_TO_32_BIT_CONVERSION = YES;
				GCC_WARN_ABOUT_RETURN_TYPE = YES_ERROR;
				GCC_WARN_UNDECLARED_SELECTOR = YES;
				GCC_WARN_UNINITIALIZED_AUTOS = YES_AGGRESSIVE;
				GCC_WARN_UNUSED_FUNCTION = YES;
				GCC_WARN_UNUSED_VARIABLE = YES;
				IPHONEOS_DEPLOYMENT_TARGET = 13.0;
				MTL_ENABLE_DEBUG_INFO = INCLUDE_SOURCE;
				MTL_FAST_MATH = YES;
				ONLY_ACTIVE_ARCH = YES;
				SDKROOT = iphoneos;
				SWIFT_ACTIVE_COMPILATION_CONDITIONS = DEBUG;
				SWIFT_OPTIMIZATION_LEVEL = "-Onone";
			};
			name = Debug;
		};
		C1D0694B2767DA8C00883CE8 /* Release */ = {
			isa = XCBuildConfiguration;
			buildSettings = {
				ALWAYS_SEARCH_USER_PATHS = NO;
				CLANG_ANALYZER_NONNULL = YES;
				CLANG_ANALYZER_NUMBER_OBJECT_CONVERSION = YES_AGGRESSIVE;
				CLANG_CXX_LANGUAGE_STANDARD = "gnu++17";
				CLANG_CXX_LIBRARY = "libc++";
				CLANG_ENABLE_MODULES = YES;
				CLANG_ENABLE_OBJC_ARC = YES;
				CLANG_ENABLE_OBJC_WEAK = YES;
				CLANG_WARN_BLOCK_CAPTURE_AUTORELEASING = YES;
				CLANG_WARN_BOOL_CONVERSION = YES;
				CLANG_WARN_COMMA = YES;
				CLANG_WARN_CONSTANT_CONVERSION = YES;
				CLANG_WARN_DEPRECATED_OBJC_IMPLEMENTATIONS = YES;
				CLANG_WARN_DIRECT_OBJC_ISA_USAGE = YES_ERROR;
				CLANG_WARN_DOCUMENTATION_COMMENTS = YES;
				CLANG_WARN_EMPTY_BODY = YES;
				CLANG_WARN_ENUM_CONVERSION = YES;
				CLANG_WARN_INFINITE_RECURSION = YES;
				CLANG_WARN_INT_CONVERSION = YES;
				CLANG_WARN_NON_LITERAL_NULL_CONVERSION = YES;
				CLANG_WARN_OBJC_IMPLICIT_RETAIN_SELF = YES;
				CLANG_WARN_OBJC_LITERAL_CONVERSION = YES;
				CLANG_WARN_OBJC_ROOT_CLASS = YES_ERROR;
				CLANG_WARN_QUOTED_INCLUDE_IN_FRAMEWORK_HEADER = YES;
				CLANG_WARN_RANGE_LOOP_ANALYSIS = YES;
				CLANG_WARN_STRICT_PROTOTYPES = YES;
				CLANG_WARN_SUSPICIOUS_MOVE = YES;
				CLANG_WARN_UNGUARDED_AVAILABILITY = YES_AGGRESSIVE;
				CLANG_WARN_UNREACHABLE_CODE = YES;
				CLANG_WARN__DUPLICATE_METHOD_MATCH = YES;
				COPY_PHASE_STRIP = NO;
				DEBUG_INFORMATION_FORMAT = "dwarf-with-dsym";
				ENABLE_NS_ASSERTIONS = NO;
				ENABLE_STRICT_OBJC_MSGSEND = YES;
				GCC_C_LANGUAGE_STANDARD = gnu11;
				GCC_NO_COMMON_BLOCKS = YES;
				GCC_WARN_64_TO_32_BIT_CONVERSION = YES;
				GCC_WARN_ABOUT_RETURN_TYPE = YES_ERROR;
				GCC_WARN_UNDECLARED_SELECTOR = YES;
				GCC_WARN_UNINITIALIZED_AUTOS = YES_AGGRESSIVE;
				GCC_WARN_UNUSED_FUNCTION = YES;
				GCC_WARN_UNUSED_VARIABLE = YES;
				IPHONEOS_DEPLOYMENT_TARGET = 13.0;
				MTL_ENABLE_DEBUG_INFO = NO;
				MTL_FAST_MATH = YES;
				SDKROOT = iphoneos;
				SWIFT_COMPILATION_MODE = wholemodule;
				SWIFT_OPTIMIZATION_LEVEL = "-O";
				VALIDATE_PRODUCT = YES;
			};
			name = Release;
		};
		C1D0694D2767DA8C00883CE8 /* Debug */ = {
			isa = XCBuildConfiguration;
			buildSettings = {
				ASSETCATALOG_COMPILER_APPICON_NAME = AppIcon;
				ASSETCATALOG_COMPILER_GLOBAL_ACCENT_COLOR_NAME = AccentColor;
				CODE_SIGN_STYLE = Automatic;
				CURRENT_PROJECT_VERSION = 1;
				DEVELOPMENT_TEAM = R36LU3NVAA;
				GENERATE_INFOPLIST_FILE = YES;
				INFOPLIST_FILE = StoneChallenge/Sources/Application/Info.plist;
				INFOPLIST_KEY_UIApplicationSupportsIndirectInputEvents = YES;
				INFOPLIST_KEY_UILaunchStoryboardName = LaunchScreen;
				INFOPLIST_KEY_UIMainStoryboardFile = LaunchScreen;
				INFOPLIST_KEY_UISupportedInterfaceOrientations = UIInterfaceOrientationPortrait;
				INFOPLIST_KEY_UISupportedInterfaceOrientations_iPad = "UIInterfaceOrientationPortrait UIInterfaceOrientationPortraitUpsideDown UIInterfaceOrientationLandscapeLeft UIInterfaceOrientationLandscapeRight";
				INFOPLIST_KEY_UISupportedInterfaceOrientations_iPhone = "UIInterfaceOrientationPortrait UIInterfaceOrientationLandscapeLeft UIInterfaceOrientationLandscapeRight";
				LD_RUNPATH_SEARCH_PATHS = (
					"$(inherited)",
					"@executable_path/Frameworks",
				);
				MARKETING_VERSION = 1.0;
				PRODUCT_BUNDLE_IDENTIFIER = co.stone.Challenge;
				PRODUCT_NAME = "$(TARGET_NAME)";
				SWIFT_EMIT_LOC_STRINGS = YES;
				SWIFT_VERSION = 5.0;
				TARGETED_DEVICE_FAMILY = "1,2";
			};
			name = Debug;
		};
		C1D0694E2767DA8C00883CE8 /* Release */ = {
			isa = XCBuildConfiguration;
			buildSettings = {
				ASSETCATALOG_COMPILER_APPICON_NAME = AppIcon;
				ASSETCATALOG_COMPILER_GLOBAL_ACCENT_COLOR_NAME = AccentColor;
				CODE_SIGN_STYLE = Automatic;
				CURRENT_PROJECT_VERSION = 1;
				DEVELOPMENT_TEAM = R36LU3NVAA;
				GENERATE_INFOPLIST_FILE = YES;
				INFOPLIST_FILE = StoneChallenge/Sources/Application/Info.plist;
				INFOPLIST_KEY_UIApplicationSupportsIndirectInputEvents = YES;
				INFOPLIST_KEY_UILaunchStoryboardName = LaunchScreen;
				INFOPLIST_KEY_UIMainStoryboardFile = LaunchScreen;
				INFOPLIST_KEY_UISupportedInterfaceOrientations = UIInterfaceOrientationPortrait;
				INFOPLIST_KEY_UISupportedInterfaceOrientations_iPad = "UIInterfaceOrientationPortrait UIInterfaceOrientationPortraitUpsideDown UIInterfaceOrientationLandscapeLeft UIInterfaceOrientationLandscapeRight";
				INFOPLIST_KEY_UISupportedInterfaceOrientations_iPhone = "UIInterfaceOrientationPortrait UIInterfaceOrientationLandscapeLeft UIInterfaceOrientationLandscapeRight";
				LD_RUNPATH_SEARCH_PATHS = (
					"$(inherited)",
					"@executable_path/Frameworks",
				);
				MARKETING_VERSION = 1.0;
				PRODUCT_BUNDLE_IDENTIFIER = co.stone.Challenge;
				PRODUCT_NAME = "$(TARGET_NAME)";
				SWIFT_EMIT_LOC_STRINGS = YES;
				SWIFT_VERSION = 5.0;
				TARGETED_DEVICE_FAMILY = "1,2";
			};
			name = Release;
		};
/* End XCBuildConfiguration section */

/* Begin XCConfigurationList section */
		C1D069332767DA8B00883CE8 /* Build configuration list for PBXProject "StoneChallenge" */ = {
			isa = XCConfigurationList;
			buildConfigurations = (
				C1D0694A2767DA8C00883CE8 /* Debug */,
				C1D0694B2767DA8C00883CE8 /* Release */,
			);
			defaultConfigurationIsVisible = 0;
			defaultConfigurationName = Release;
		};
		C1D0694C2767DA8C00883CE8 /* Build configuration list for PBXNativeTarget "StoneChallenge" */ = {
			isa = XCConfigurationList;
			buildConfigurations = (
				C1D0694D2767DA8C00883CE8 /* Debug */,
				C1D0694E2767DA8C00883CE8 /* Release */,
			);
			defaultConfigurationIsVisible = 0;
			defaultConfigurationName = Release;
		};
/* End XCConfigurationList section */
	};
	rootObject = C1D069302767DA8B00883CE8 /* Project object */;
}
